<?xml version="1.0" encoding="utf-8"?>
<Project ToolsVersion="4.0" xmlns="http://schemas.microsoft.com/developer/msbuild/2003">
  <ItemGroup>
    <Filter Include="Source Files">
      <UniqueIdentifier>{70b6b7f0-a94c-49b4-ad1f-89c5de2860c3}</UniqueIdentifier>
      <Extensions>cpp;c;cxx;rc;def;r;odl;idl;hpj;bat</Extensions>
    </Filter>
    <Filter Include="Source Files\common">
      <UniqueIdentifier>{a7a21c71-9445-45a4-ae42-373b2f958fe1}</UniqueIdentifier>
    </Filter>
    <Filter Include="Source Files\hostapi">
      <UniqueIdentifier>{d3489b7c-94b9-4b1e-98b2-c1711f439fec}</UniqueIdentifier>
    </Filter>
    <Filter Include="Source Files\hostapi\ASIO">
      <UniqueIdentifier>{a22113bb-70c1-4da3-af1b-9b77575e5dc5}</UniqueIdentifier>
    </Filter>
    <Filter Include="Source Files\hostapi\ASIO\ASIOSDK">
      <UniqueIdentifier>{ddb89a9b-45a0-4e81-87f8-b1ef927e5315}</UniqueIdentifier>
    </Filter>
    <Filter Include="Source Files\hostapi\dsound">
      <UniqueIdentifier>{a68200a1-fe74-4b97-9ad3-23d9cdf075db}</UniqueIdentifier>
    </Filter>
    <Filter Include="Source Files\hostapi\wmme">
      <UniqueIdentifier>{a5d5995b-ffc9-4c4d-9b82-3e84857f2dd5}</UniqueIdentifier>
    </Filter>
    <Filter Include="Source Files\hostapi\wasapi">
      <UniqueIdentifier>{29419cde-adcb-4912-aefa-4c797221dae4}</UniqueIdentifier>
    </Filter>
    <Filter Include="Source Files\hostapi\wdmks">
      <UniqueIdentifier>{e16ffb78-03fb-44b2-9e55-2b034ab1edc2}</UniqueIdentifier>
    </Filter>
    <Filter Include="Source Files\os">
      <UniqueIdentifier>{32792b2b-1f58-49cf-b899-527d3c6e94c9}</UniqueIdentifier>
    </Filter>
    <Filter Include="Source Files\os\win">
      <UniqueIdentifier>{7455ddb3-6a34-4019-b343-0401b97ac469}</UniqueIdentifier>
    </Filter>
    <Filter Include="Resource Files">
      <UniqueIdentifier>{9a3740f6-2299-4044-b1a4-47f75bc6cea6}</UniqueIdentifier>
      <Extensions>ico;cur;bmp;dlg;rc2;rct;bin;rgs;gif;jpg;jpeg;jpe</Extensions>
    </Filter>
    <Filter Include="Header Files">
      <UniqueIdentifier>{ad5f6866-fe95-4901-a634-7381cad123f3}</UniqueIdentifier>
      <Extensions>h;hpp;hxx;hm;inl</Extensions>
    </Filter>
  </ItemGroup>
  <ItemGroup>
    <ClCompile Include="..\src\common\pa_allocation.c">
      <Filter>Source Files\common</Filter>
    </ClCompile>
    <ClCompile Include="..\src\common\pa_converters.c">
      <Filter>Source Files\common</Filter>
    </ClCompile>
    <ClCompile Include="..\src\common\pa_cpuload.c">
      <Filter>Source Files\common</Filter>
    </ClCompile>
    <ClCompile Include="..\src\common\pa_debugprint.c">
      <Filter>Source Files\common</Filter>
    </ClCompile>
    <ClCompile Include="..\src\common\pa_dither.c">
      <Filter>Source Files\common</Filter>
    </ClCompile>
    <ClCompile Include="..\src\common\pa_front.c">
      <Filter>Source Files\common</Filter>
    </ClCompile>
    <ClCompile Include="..\src\hostapi\skeleton\pa_hostapi_skeleton.c">
      <Filter>Source Files\common</Filter>
    </ClCompile>
    <ClCompile Include="..\src\common\pa_process.c">
      <Filter>Source Files\common</Filter>
    </ClCompile>
    <ClCompile Include="..\src\common\pa_ringbuffer.c">
      <Filter>Source Files\common</Filter>
    </ClCompile>
    <ClCompile Include="..\src\common\pa_stream.c">
      <Filter>Source Files\common</Filter>
    </ClCompile>
    <ClCompile Include="..\src\common\pa_trace.c">
      <Filter>Source Files\common</Filter>
    </ClCompile>
    <ClCompile Include="..\src\hostapi\asio\pa_asio.cpp">
      <Filter>Source Files\hostapi\ASIO</Filter>
    </ClCompile>
    <ClCompile Include="..\src\hostapi\asio\ASIOSDK\common\asio.cpp">
      <Filter>Source Files\hostapi\ASIO\ASIOSDK</Filter>
    </ClCompile>
    <ClCompile Include="..\src\hostapi\asio\ASIOSDK\host\asiodrivers.cpp">
      <Filter>Source Files\hostapi\ASIO\ASIOSDK</Filter>
    </ClCompile>
    <ClCompile Include="..\src\hostapi\asio\ASIOSDK\host\pc\asiolist.cpp">
      <Filter>Source Files\hostapi\ASIO\ASIOSDK</Filter>
    </ClCompile>
    <ClCompile Include="..\src\hostapi\dsound\pa_win_ds.c">
      <Filter>Source Files\hostapi\dsound</Filter>
    </ClCompile>
    <ClCompile Include="..\src\hostapi\dsound\pa_win_ds_dynlink.c">
      <Filter>Source Files\hostapi\dsound</Filter>
    </ClCompile>
    <ClCompile Include="..\src\hostapi\wmme\pa_win_wmme.c">
      <Filter>Source Files\hostapi\wmme</Filter>
    </ClCompile>
    <ClCompile Include="..\src\hostapi\wasapi\pa_win_wasapi.c">
      <Filter>Source Files\hostapi\wasapi</Filter>
    </ClCompile>
    <ClCompile Include="..\src\hostapi\wdmks\pa_win_wdmks.c">
      <Filter>Source Files\hostapi\wdmks</Filter>
    </ClCompile>
    <ClCompile Include="..\src\os\win\pa_win_coinitialize.c">
      <Filter>Source Files\os\win</Filter>
    </ClCompile>
    <ClCompile Include="..\src\os\win\pa_win_hostapis.c">
      <Filter>Source Files\os\win</Filter>
    </ClCompile>
    <ClCompile Include="..\src\os\win\pa_win_util.c">
      <Filter>Source Files\os\win</Filter>
    </ClCompile>
    <ClCompile Include="..\src\os\win\pa_win_version.c">
      <Filter>Source Files\os\win</Filter>
    </ClCompile>
    <ClCompile Include="..\src\os\win\pa_win_waveformat.c">
      <Filter>Source Files\os\win</Filter>
    </ClCompile>
    <ClCompile Include="..\src\os\win\pa_win_wdmks_utils.c">
      <Filter>Source Files\os\win</Filter>
    </ClCompile>
    <ClCompile Include="..\src\os\win\pa_x86_plain_converters.c">
      <Filter>Source Files\os\win</Filter>
    </ClCompile>
  </ItemGroup>
  <ItemGroup>
    <None Include="portaudio.def">
      <Filter>Resource Files</Filter>
    </None>
  </ItemGroup>
  <ItemGroup>
    <ClInclude Include="..\include\pa_asio.h">
      <Filter>Header Files</Filter>
    </ClInclude>
    <ClInclude Include="..\include\pa_win_ds.h">
      <Filter>Header Files</Filter>
    </ClInclude>
    <ClInclude Include="..\include\pa_win_wasapi.h">
      <Filter>Header Files</Filter>
    </ClInclude>
    <ClInclude Include="..\include\pa_win_waveformat.h">
      <Filter>Header Files</Filter>
    </ClInclude>
    <ClInclude Include="..\include\pa_win_wmme.h">
      <Filter>Header Files</Filter>
    </ClInclude>
    <ClInclude Include="..\include\portaudio.h">
      <Filter>Header Files</Filter>
    </ClInclude>
  </ItemGroup>
</Project>